
Microsoft Visual Studio Solution File, Format Version 12.00
# Visual Studio Version 16
VisualStudioVersion = 16.0.30320.27
MinimumVisualStudioVersion = 10.0.40219.1
Project("{FAE04EC0-301F-11D3-BF4B-00C04F79EFBC}") = "PlayWithSftpWinSCP", "PlayWithSftpWinSCP\PlayWithSftpWinSCP.csproj", "{280FC999-5EF9-42D1-A394-2BD269C1EFBA}"
EndProject
Global
	GlobalSection(SolutionConfigurationPlatforms) = preSolution
		Debug|Any CPU = Debug|Any CPU
		Release|Any CPU = Release|Any CPU
	EndGlobalSection
	GlobalSection(ProjectConfigurationPlatforms) = postSolution
		{280FC999-5EF9-42D1-A394-2BD269C1EFBA}.Debug|Any CPU.ActiveCfg = Debug|Any CPU
		{280FC999-5EF9-42D1-A394-2BD269C1EFBA}.Debug|Any CPU.Build.0 = Debug|Any CPU
		{280FC999-5EF9-42D1-A394-2BD269C1EFBA}.Release|Any CPU.ActiveCfg = Release|Any CPU
		{280FC999-5EF9-42D1-A394-2BD269C1EFBA}.Release|Any CPU.Build.0 = Release|Any CPU
	EndGlobalSection
	GlobalSection(SolutionProperties) = preSolution
		HideSolutionNode = FALSE
	EndGlobalSection
	GlobalSection(ExtensibilityGlobals) = postSolution
		SolutionGuid = {552AD897-990D-4734-8B7F-5A7D5728FA6A}
	EndGlobalSection
EndGlobal
